<?xml version="1.0" encoding="utf-8"?>
<Project ToolsVersion="4.0" xmlns="http://schemas.microsoft.com/developer/msbuild/2003">
  <ItemGroup>
    <ClInclude Include="AbstractNeuron.hpp">
      <Filter>Neuron</Filter>
    </ClInclude>
    <ClInclude Include="Link.hpp">
      <Filter>Neuron</Filter>
    </ClInclude>
    <ClInclude Include="AbstractLayer.hpp">
      <Filter>Layer</Filter>
    </ClInclude>
    <ClInclude Include="AbstractNetwork.hpp">
      <Filter>Network</Filter>
    </ClInclude>
    <ClInclude Include="LayerNetwork.hpp">
      <Filter>Network</Filter>
    </ClInclude>
    <ClInclude Include="AbstractLayerNetwork.hpp">
      <Filter>Network</Filter>
    </ClInclude>
    <ClInclude Include="Automatization.hpp">
      <Filter>Automatization</Filter>
    </ClInclude>
    <ClInclude Include="Sigmoids.hpp">
      <Filter>Math</Filter>
    </ClInclude>
    <ClInclude Include="Shared.hpp" />
    <ClInclude Include="Neuron.hpp">
      <Filter>Neuron</Filter>
    </ClInclude>
    <ClInclude Include="Layer.hpp">
      <Filter>Layer</Filter>
    </ClInclude>
    <ClInclude Include="Storage.hpp">
      <Filter>Storage</Filter>
    </ClInclude>
    <ClInclude Include="TypeCodes.hpp">
      <Filter>Storage</Filter>
    </ClInclude>
    <ClInclude Include="AbstractMatrixNetwork.hpp">
      <Filter>Network</Filter>
    </ClInclude>
    <ClInclude Include="AbstractNetworkControlFunctions.hpp">
      <Filter>Network</Filter>
    </ClInclude>
    <ClInclude Include="MatrixNetwork.hpp">
      <Filter>Network</Filter>
    </ClInclude>
    <ClInclude Include="Matrix.hpp">
      <Filter>Math</Filter>
    </ClInclude>
    <ClInclude Include="SharedNetworkFunctionality.hpp">
      <Filter>Network</Filter>
    </ClInclude>
    <ClInclude Include="AbstractNetworkStorage.hpp">
      <Filter>Layer</Filter>
    </ClInclude>
  </ItemGroup>
  <ItemGroup>
    <Filter Include="Neuron">
      <UniqueIdentifier>{329c1c4a-ea8e-4ea1-b3ac-94be33b0b959}</UniqueIdentifier>
    </Filter>
    <Filter Include="Layer">
      <UniqueIdentifier>{b923e798-f17a-4605-9504-ac8c2e1b5737}</UniqueIdentifier>
    </Filter>
    <Filter Include="Network">
      <UniqueIdentifier>{633607ed-da65-4507-b941-e823cbfa1094}</UniqueIdentifier>
    </Filter>
    <Filter Include="Automatization">
      <UniqueIdentifier>{cfd6e33d-e82b-4a37-94d6-351568ddedf3}</UniqueIdentifier>
    </Filter>
    <Filter Include="Math">
      <UniqueIdentifier>{a49c883e-9aee-423f-ba3f-a7a515a17272}</UniqueIdentifier>
    </Filter>
    <Filter Include="Storage">
      <UniqueIdentifier>{b001491c-eea8-459d-84a9-a45c9a39130e}</UniqueIdentifier>
    </Filter>
  </ItemGroup>
  <ItemGroup>
    <ClCompile Include="Automatization.cpp">
      <Filter>Automatization</Filter>
    </ClCompile>
    <ClCompile Include="Sigmoids.cpp">
      <Filter>Math</Filter>
    </ClCompile>
    <ClCompile Include="AbstractNeuron.cpp">
      <Filter>Neuron</Filter>
    </ClCompile>
    <ClCompile Include="Neuron.cpp">
      <Filter>Neuron</Filter>
    </ClCompile>
    <ClCompile Include="Storage.cpp">
      <Filter>Storage</Filter>
    </ClCompile>
    <ClCompile Include="AbstractLayer.cpp">
      <Filter>Layer</Filter>
    </ClCompile>
    <ClCompile Include="MatrixNetwork.cpp">
      <Filter>Network</Filter>
    </ClCompile>
    <ClCompile Include="NetworkPrint.cpp">
      <Filter>Network</Filter>
    </ClCompile>
  </ItemGroup>
</Project>