<?xml version="1.0" encoding="utf-8"?>
<Project ToolsVersion="4.0" xmlns="http://schemas.microsoft.com/developer/msbuild/2003">
  <ItemGroup>
    <Filter Include="Generated Files">
      <UniqueIdentifier>{71ED8ED8-ACB9-4CE9-BBE1-E00B30144E11}</UniqueIdentifier>
      <Extensions>moc;h;cpp</Extensions>
      <SourceControlFiles>False</SourceControlFiles>
    </Filter>
    <Filter Include="Generated Files\Debug">
      <UniqueIdentifier>{4325feac-e907-468b-8164-944179c8aaec}</UniqueIdentifier>
      <Extensions>cpp;moc</Extensions>
      <SourceControlFiles>False</SourceControlFiles>
    </Filter>
    <Filter Include="Generated Files\Release">
      <UniqueIdentifier>{80a1ba2a-f50d-4358-8b7b-cc95a3cce036}</UniqueIdentifier>
      <Extensions>cpp;moc</Extensions>
      <SourceControlFiles>False</SourceControlFiles>
    </Filter>
    <Filter Include="Tests">
      <UniqueIdentifier>{e36420c2-ee36-44bc-b242-42b65875d1af}</UniqueIdentifier>
    </Filter>
    <Filter Include="GUI">
      <UniqueIdentifier>{c4bf0d7b-0f28-45c3-b7d2-292aaad5d2da}</UniqueIdentifier>
    </Filter>
    <Filter Include="Additional">
      <UniqueIdentifier>{45b764ae-621b-4502-acb7-181e3fdd1d06}</UniqueIdentifier>
    </Filter>
    <Filter Include="Tests\Headers">
      <UniqueIdentifier>{e88b5226-850e-4d06-990f-581dbd17098f}</UniqueIdentifier>
    </Filter>
    <Filter Include="Tests\Source">
      <UniqueIdentifier>{72d3632b-ec4b-42f2-b9ef-879f087367ea}</UniqueIdentifier>
    </Filter>
  </ItemGroup>
  <ItemGroup>
    <ClCompile Include="GeneratedFiles\Debug\moc_GuiTestingImplementation.cpp">
      <Filter>Generated Files\Debug</Filter>
    </ClCompile>
    <ClCompile Include="GeneratedFiles\Release\moc_GuiTestingImplementation.cpp">
      <Filter>Generated Files\Release</Filter>
    </ClCompile>
    <ClCompile Include="GeneratedFiles\qrc_GuiTestingImplementation.cpp">
      <Filter>Generated Files</Filter>
    </ClCompile>
    <ClCompile Include="main.cpp" />
    <ClCompile Include="GuiTestingImplementation.cpp" />
    <ClCompile Include="LogicalFunctionTest.cpp">
      <Filter>Tests\Source</Filter>
    </ClCompile>
    <ClCompile Include="StaticDataTest.cpp">
      <Filter>Tests\Source</Filter>
    </ClCompile>
  </ItemGroup>
  <ItemGroup>
    <CustomBuild Include="GuiTestingImplementation.ui" />
    <CustomBuild Include="GuiTestingImplementation.qrc" />
    <CustomBuild Include="GuiTestingImplementation.h" />
  </ItemGroup>
  <ItemGroup>
    <ClInclude Include="GeneratedFiles\ui_GuiTestingImplementation.h">
      <Filter>Generated Files</Filter>
    </ClInclude>
    <ClInclude Include="RandomEngine.hpp">
      <Filter>Additional</Filter>
    </ClInclude>
    <ClInclude Include="AbstractTest.hpp">
      <Filter>Tests\Headers</Filter>
    </ClInclude>
    <ClInclude Include="LogicalFunctionTest.hpp">
      <Filter>Tests\Headers</Filter>
    </ClInclude>
    <ClInclude Include="StaticDataTest.hpp">
      <Filter>Tests\Headers</Filter>
    </ClInclude>
  </ItemGroup>
</Project>