<?xml version="1.0" encoding="utf-8"?>
<Project ToolsVersion="4.0" xmlns="http://schemas.microsoft.com/developer/msbuild/2003">
  <ItemGroup>
    <Filter Include="Generated Files">
      <UniqueIdentifier>{71ED8ED8-ACB9-4CE9-BBE1-E00B30144E11}</UniqueIdentifier>
      <Extensions>moc;h;cpp</Extensions>
      <SourceControlFiles>False</SourceControlFiles>
    </Filter>
    <Filter Include="Generated Files\Debug">
      <UniqueIdentifier>{4325feac-e907-468b-8164-944179c8aaec}</UniqueIdentifier>
      <Extensions>cpp;moc</Extensions>
      <SourceControlFiles>False</SourceControlFiles>
    </Filter>
    <Filter Include="Generated Files\Release">
      <UniqueIdentifier>{80a1ba2a-f50d-4358-8b7b-cc95a3cce036}</UniqueIdentifier>
      <Extensions>cpp;moc</Extensions>
      <SourceControlFiles>False</SourceControlFiles>
    </Filter>
    <Filter Include="Tests">
      <UniqueIdentifier>{e36420c2-ee36-44bc-b242-42b65875d1af}</UniqueIdentifier>
    </Filter>
    <Filter Include="GUI">
      <UniqueIdentifier>{c4bf0d7b-0f28-45c3-b7d2-292aaad5d2da}</UniqueIdentifier>
    </Filter>
    <Filter Include="Additional">
      <UniqueIdentifier>{6b6cf14f-08eb-41dd-bb92-a37c0e3bbc62}</UniqueIdentifier>
    </Filter>
    <Filter Include="GUI\GUI_elements">
      <UniqueIdentifier>{101100e9-b9b2-4e6c-b4d1-67c04b28f50c}</UniqueIdentifier>
    </Filter>
  </ItemGroup>
  <ItemGroup>
    <ClCompile Include="main.cpp" />
    <ClCompile Include="GuiTestWindow.cpp">
      <Filter>GUI</Filter>
    </ClCompile>
    <ClCompile Include="NetworkGenerationWindow.cpp">
      <Filter>GUI</Filter>
    </ClCompile>
    <ClCompile Include="MultiField.cpp">
      <Filter>GUI\GUI_elements</Filter>
    </ClCompile>
    <ClCompile Include="GeneratedFiles\Debug\moc_GuiTestWindow.cpp">
      <Filter>Generated Files\Debug</Filter>
    </ClCompile>
    <ClCompile Include="GeneratedFiles\Release\moc_GuiTestWindow.cpp">
      <Filter>Generated Files\Release</Filter>
    </ClCompile>
    <ClCompile Include="GeneratedFiles\Debug\moc_NetworkGenerationWindow.cpp">
      <Filter>Generated Files\Debug</Filter>
    </ClCompile>
    <ClCompile Include="GeneratedFiles\Release\moc_NetworkGenerationWindow.cpp">
      <Filter>Generated Files\Release</Filter>
    </ClCompile>
  </ItemGroup>
  <ItemGroup>
    <CustomBuild Include="GuiTestWindow.ui">
      <Filter>GUI</Filter>
    </CustomBuild>
    <CustomBuild Include="NetworkGenerationWindow.ui">
      <Filter>GUI</Filter>
    </CustomBuild>
    <CustomBuild Include="AbstractTest.hpp">
      <Filter>Tests</Filter>
    </CustomBuild>
    <CustomBuild Include="GuiTestWindow.hpp">
      <Filter>GUI</Filter>
    </CustomBuild>
    <CustomBuild Include="NetworkGenerationWindow.hpp">
      <Filter>GUI</Filter>
    </CustomBuild>
  </ItemGroup>
  <ItemGroup>
    <ClInclude Include="RandomEngine.hpp">
      <Filter>Additional</Filter>
    </ClInclude>
    <ClInclude Include="MultiField.hpp">
      <Filter>GUI\GUI_elements</Filter>
    </ClInclude>
    <ClInclude Include="LambdaTest.hpp">
      <Filter>Tests</Filter>
    </ClInclude>
  </ItemGroup>
</Project>